{
  "version": "2",
  "remote": {
    "https://deno.land/std@0.177.0/_util/asserts.ts": "178dfc49a464aee693a7e285567b3d0b555dc805ff490505a8aae34f9cfb1462",
    "https://deno.land/std@0.177.0/_util/os.ts": "d932f56d41e4f6a6093d56044e29ce637f8dcc43c5a90af43504a889cf1775e3",
    "https://deno.land/std@0.177.0/fmt/colors.ts": "938c5d44d889fb82eff6c358bea8baa7e85950a16c9f6dae3ec3a7a729164471",
    "https://deno.land/std@0.177.0/path/_constants.ts": "e49961f6f4f48039c0dfed3c3f93e963ca3d92791c9d478ac5b43183413136e0",
    "https://deno.land/std@0.177.0/path/_interface.ts": "6471159dfbbc357e03882c2266d21ef9afdb1e4aa771b0545e90db58a0ba314b",
    "https://deno.land/std@0.177.0/path/_util.ts": "d7abb1e0dea065f427b89156e28cdeb32b045870acdf865833ba808a73b576d0",
    "https://deno.land/std@0.177.0/path/common.ts": "ee7505ab01fd22de3963b64e46cff31f40de34f9f8de1fff6a1bd2fe79380000",
    "https://deno.land/std@0.177.0/path/glob.ts": "d479e0a695621c94d3fd7fe7abd4f9499caf32a8de13f25073451c6ef420a4e1",
    "https://deno.land/std@0.177.0/path/mod.ts": "4b83694ac500d7d31b0cdafc927080a53dc0c3027eb2895790fb155082b0d232",
    "https://deno.land/std@0.177.0/path/posix.ts": "8b7c67ac338714b30c816079303d0285dd24af6b284f7ad63da5b27372a2c94d",
    "https://deno.land/std@0.177.0/path/separator.ts": "0fb679739d0d1d7bf45b68dacfb4ec7563597a902edbaf3c59b50d5bcadd93b1",
    "https://deno.land/std@0.177.0/path/win32.ts": "d186344e5583bcbf8b18af416d13d82b35a317116e6460a5a3953508c3de5bba",
    "https://deno.land/std@0.177.0/testing/_diff.ts": "1a3c044aedf77647d6cac86b798c6417603361b66b54c53331b312caeb447aea",
    "https://deno.land/std@0.177.0/testing/_format.ts": "a69126e8a469009adf4cf2a50af889aca364c349797e63174884a52ff75cf4c7",
    "https://deno.land/std@0.177.0/testing/asserts.ts": "984ab0bfb3faeed92ffaa3a6b06536c66811185328c5dd146257c702c41b01ab",
    "https://deno.land/x/deno_graph@0.52.0/deno_graph_wasm.generated.js": "633ff8a1bc2949603166d1ffee84fe3bb6d72436bfae89dea42baba1db75389a",
    "https://deno.land/x/deno_graph@0.52.0/loader.ts": "a2e757383908f4a51659fe1b1203386887ebb17756bac930a64856d613d8d57d",
    "https://deno.land/x/deno_graph@0.52.0/media_type.ts": "a89a1b38d07c160e896de9ceb99285ba8391940140558304171066b5c3ef7609",
    "https://deno.land/x/deno_graph@0.52.0/mod.ts": "47b5e8560f3e66468194742239fc76cf587d611dd43c1913eeebb9b1d94fc39f",
    "https://deno.land/x/dir@1.5.1/data_local_dir/mod.ts": "91eb1c4bfadfbeda30171007bac6d85aadacd43224a5ed721bbe56bc64e9eb66",
    "https://deno.land/x/lz4@v0.1.2/mod.ts": "4decfc1a3569d03fd1813bd39128b71c8f082850fe98ecfdde20025772916582",
    "https://deno.land/x/lz4@v0.1.2/wasm.js": "b9c65605327ba273f0c76a6dc596ec534d4cda0f0225d7a94ebc606782319e46",
    "https://deno.land/x/swc@0.2.1/lib/deno_swc.generated.js": "a112eb5a4871bcbd5b660d3fd9d7afdd5cf2bb9e135eb9b04aceaa24d16481a0",
    "https://deno.land/x/swc@0.2.1/mod.ts": "9e03f5daf4c2a25208e34e19ce3e997d2e23a5a11ee8c8ed58023b0e3626073f",
    "https://deno.land/x/wasmbuild@0.14.1/cache.ts": "89eea5f3ce6035a1164b3e655c95f21300498920575ade23161421f5b01967f4",
    "https://deno.land/x/wasmbuild@0.14.1/loader.ts": "d98d195a715f823151cbc8baa3f32127337628379a02d9eb2a3c5902dbccfc02",
    "https://esm.sh/stable/@vue/reactivity@3.3.4/denonext/reactivity.mjs": "99dcaed2e52b34fc4f77f3e9a44a539935306ec3f4597e0737b7ed1be7901183",
    "https://esm.sh/stable/@vue/runtime-core@3.3.4/denonext/runtime-core.mjs": "177d7094761f4b6075066e31b8db3e46cc84b19fe5ec5b707687902867d16bea",
    "https://esm.sh/stable/@vue/runtime-dom@3.3.4/denonext/runtime-dom.mjs": "d5363c33be52f82869278ffd41242a8cac721d6c389e0b6bd4f6d55397844895",
    "https://esm.sh/stable/@vue/shared@3.3.4/denonext/shared.mjs": "d14bdf0b011d5d8255893e8b51b65af1269d73b918cbeef8d02da127787ad2f2",
    "https://esm.sh/stable/vue@3.3.4/denonext/compiler-sfc.js": "d469ee762a1cef9c60d78f3d7318624222a499c42db30f66b8b8fbea21c7f2df",
    "https://esm.sh/stable/vue@3.3.4/denonext/server-renderer.js": "1a78c5a5a0490417da0148717ae49d31f8e865ec031488d4bae3c18b626440cc",
    "https://esm.sh/stable/vue@3.3.4/denonext/vue.mjs": "a51b115fe7b4521e2e66703e9c199d27ec4988247b0ac97bca2763ea3d4cacf6",
    "https://esm.sh/v128/@vue/compiler-sfc@3.3.4/denonext/compiler-sfc.mjs": "063b982d9ba7437c1cce2b37813441a60e8ada49c1f8c5c80fd21493e2a7f382",
    "https://esm.sh/v128/@vue/server-renderer@3.3.4/denonext/server-renderer.mjs": "c432accb0a753ea3ca2b5fd8f938c65a24befa6f93226ebb6cab61c7d3514c7c",
    "https://esm.sh/v128/buffer-from@1.1.2/denonext/buffer-from.mjs": "078451542b62cb4261c01a01ff7e9bc0f94bef4eb710831d40e1f92c4dfe3883",
    "https://esm.sh/v128/node_inspector.js": "c45566d90f93c4a12cc70cb4de9b8c926fa6250ca63e1483c71d62237d78777c",
    "https://esm.sh/v128/source-map-support@0.5.21/denonext/source-map-support.mjs": "db70ed94da4645d3f5120c4e9dd9064c5be0e7878cf300601dbd076f6bb020df",
    "https://esm.sh/v128/source-map@0.6.1/denonext/source-map.mjs": "ccff3bb06dea7c01a2c83cf12113697592e418fd06b55ae2bb4cb0a4e51a98b8",
    "https://esm.sh/v128/typescript@5.1.6/denonext/typescript.mjs": "8566a0e1791b7ece5e9e666fd3dea6841a14c165fd6280a8349d436869938492",
    "https://esm.sh/v131/@flowko/tw-to-css@0.0.6/denonext/tw-to-css.mjs": "4a791b44797655b95f1bc0417d2b80b9180deaa60c48ad79fce0d297305138e8",
    "https://esm.sh/v131/build": "a0cdf9d0538325fc1eacf39f07b1ad22f21575c813f3db92e2187a97836f3a7f",
    "https://esm.sh/v131/dompurify@3.0.5/denonext/dompurify.mjs": "6e6593311446e0afdbc7184ccf326a1a0cc166269b28a70ec99c0a0eddd784f1",
    "https://esm.sh/v131/isomorphic-dompurify@1.8.0/denonext/isomorphic-dompurify.mjs": "86a9d520e9dc83e8dd339a7269b71dbd802fdc243d4da89f7b9d9297a531a7b7",
    "https://esm.sh/v131/~1e63f7b61f42278eb7b0caed4efbf2b03f7f2c28@0.0.0/denonext/mod.mjs": "94d8c6e97902d9e8982f53a288ff1bcc7584380aa692fd432b84849812cc4227",
    "https://esm.sh/v131/~2f79760b648aba48cc9200a02173b394f4302902@0.0.0/denonext/mod.mjs": "da2593828a5c83a7435b270e1e6c0c3ff8f18e7c77faf6362e5b378de8802268",
    "https://esm.sh/v131/~52bd0c40e7763fa0e3f7531c8e01da47300e98ae@0.0.0/denonext/mod.mjs": "62dcb77a7574428cc6b75c4a1696afc70bd52de0bd148fa8a975b5ba9ac868db",
    "https://esm.sh/v131/~9cde7f3bc7a41a379bd62e632bd66fa2aefb2e9c@0.0.0/denonext/mod.mjs": "e1aebbe28bef93ce5a5b741d8651be301b042a5854db51160016a4d09a8ed3ff",
    "https://esm.sh/~1e63f7b61f42278eb7b0caed4efbf2b03f7f2c28": "f0384cb7fea5e50976673d9b8529d00e13c16666c7338af2ebd205b1cb10d563",
    "https://esm.sh/~2f79760b648aba48cc9200a02173b394f4302902": "571f99eb0201578c19467c438d75bba344d48bdb1c906bc2534cdfbc1eda217a",
    "https://esm.sh/~52bd0c40e7763fa0e3f7531c8e01da47300e98ae": "18072957be742727ddfd6e0f32d5dabde4c156a4544e5da471d77752a985bb89",
    "https://esm.sh/~9cde7f3bc7a41a379bd62e632bd66fa2aefb2e9c": "9f0b5edf8b1ba44598cda99bc2516669aea8a8e2d06c1d08295d77832f5fd449"
  },
  "npm": {
    "specifiers": {
      "@types/node": "@types/node@18.16.19",
      "vue": "vue@3.3.4"
    },
    "packages": {
      "@babel/parser@7.22.10": {
        "integrity": "sha512-lNbdGsQb9ekfsnjFGhEiF4hfFqGgfOP3H3d27re3n+CGhNuTSUEQdfWk556sTLNTloczcdM5TYF2LhzmDQKyvQ==",
        "dependencies": {}
      },
      "@jridgewell/sourcemap-codec@1.4.15": {
        "integrity": "sha512-eF2rxCRulEKXHTRiDrDy6erMYWqNw4LPdQ8UQA4huuxaQsVeRPFl2oM8oDGxMFhJUWZf9McpLtJasDDZb/Bpeg==",
        "dependencies": {}
      },
      "@types/node@18.16.19": {
        "integrity": "sha512-IXl7o+R9iti9eBW4Wg2hx1xQDig183jj7YLn8F7udNceyfkbn1ZxmzZXuak20gR40D7pIkIY1kYGx5VIGbaHKA==",
        "dependencies": {}
      },
      "@vue/compiler-core@3.3.4": {
        "integrity": "sha512-cquyDNvZ6jTbf/+x+AgM2Arrp6G4Dzbb0R64jiG804HRMfRiFXWI6kqUVqZ6ZR0bQhIoQjB4+2bhNtVwndW15g==",
        "dependencies": {
          "@babel/parser": "@babel/parser@7.22.10",
          "@vue/shared": "@vue/shared@3.3.4",
          "estree-walker": "estree-walker@2.0.2",
          "source-map-js": "source-map-js@1.0.2"
        }
      },
      "@vue/compiler-dom@3.3.4": {
        "integrity": "sha512-wyM+OjOVpuUukIq6p5+nwHYtj9cFroz9cwkfmP9O1nzH68BenTTv0u7/ndggT8cIQlnBeOo6sUT/gvHcIkLA5w==",
        "dependencies": {
          "@vue/compiler-core": "@vue/compiler-core@3.3.4",
          "@vue/shared": "@vue/shared@3.3.4"
        }
      },
      "@vue/compiler-sfc@3.3.4": {
        "integrity": "sha512-6y/d8uw+5TkCuzBkgLS0v3lSM3hJDntFEiUORM11pQ/hKvkhSKZrXW6i69UyXlJQisJxuUEJKAWEqWbWsLeNKQ==",
        "dependencies": {
          "@babel/parser": "@babel/parser@7.22.10",
          "@vue/compiler-core": "@vue/compiler-core@3.3.4",
          "@vue/compiler-dom": "@vue/compiler-dom@3.3.4",
          "@vue/compiler-ssr": "@vue/compiler-ssr@3.3.4",
          "@vue/reactivity-transform": "@vue/reactivity-transform@3.3.4",
          "@vue/shared": "@vue/shared@3.3.4",
          "estree-walker": "estree-walker@2.0.2",
          "magic-string": "magic-string@0.30.2",
          "postcss": "postcss@8.4.28",
          "source-map-js": "source-map-js@1.0.2"
        }
      },
      "@vue/compiler-ssr@3.3.4": {
        "integrity": "sha512-m0v6oKpup2nMSehwA6Uuu+j+wEwcy7QmwMkVNVfrV9P2qE5KshC6RwOCq8fjGS/Eak/uNb8AaWekfiXxbBB6gQ==",
        "dependencies": {
          "@vue/compiler-dom": "@vue/compiler-dom@3.3.4",
          "@vue/shared": "@vue/shared@3.3.4"
        }
      },
      "@vue/reactivity-transform@3.3.4": {
        "integrity": "sha512-MXgwjako4nu5WFLAjpBnCj/ieqcjE2aJBINUNQzkZQfzIZA4xn+0fV1tIYBJvvva3N3OvKGofRLvQIwEQPpaXw==",
        "dependencies": {
          "@babel/parser": "@babel/parser@7.22.10",
          "@vue/compiler-core": "@vue/compiler-core@3.3.4",
          "@vue/shared": "@vue/shared@3.3.4",
          "estree-walker": "estree-walker@2.0.2",
          "magic-string": "magic-string@0.30.2"
        }
      },
      "@vue/reactivity@3.3.4": {
        "integrity": "sha512-kLTDLwd0B1jG08NBF3R5rqULtv/f8x3rOFByTDz4J53ttIQEDmALqKqXY0J+XQeN0aV2FBxY8nJDf88yvOPAqQ==",
        "dependencies": {
          "@vue/shared": "@vue/shared@3.3.4"
        }
      },
      "@vue/runtime-core@3.3.4": {
        "integrity": "sha512-R+bqxMN6pWO7zGI4OMlmvePOdP2c93GsHFM/siJI7O2nxFRzj55pLwkpCedEY+bTMgp5miZ8CxfIZo3S+gFqvA==",
        "dependencies": {
          "@vue/reactivity": "@vue/reactivity@3.3.4",
          "@vue/shared": "@vue/shared@3.3.4"
        }
      },
      "@vue/runtime-dom@3.3.4": {
        "integrity": "sha512-Aj5bTJ3u5sFsUckRghsNjVTtxZQ1OyMWCr5dZRAPijF/0Vy4xEoRCwLyHXcj4D0UFbJ4lbx3gPTgg06K/GnPnQ==",
        "dependencies": {
          "@vue/runtime-core": "@vue/runtime-core@3.3.4",
          "@vue/shared": "@vue/shared@3.3.4",
          "csstype": "csstype@3.1.2"
        }
      },
      "@vue/server-renderer@3.3.4_vue@3.3.4": {
        "integrity": "sha512-Q6jDDzR23ViIb67v+vM1Dqntu+HUexQcsWKhhQa4ARVzxOY2HbC7QRW/ggkDBd5BU+uM1sV6XOAP0b216o34JQ==",
        "dependencies": {
          "@vue/compiler-ssr": "@vue/compiler-ssr@3.3.4",
          "@vue/shared": "@vue/shared@3.3.4",
          "vue": "vue@3.3.4"
        }
      },
      "@vue/shared@3.3.4": {
        "integrity": "sha512-7OjdcV8vQ74eiz1TZLzZP4JwqM5fA94K6yntPS5Z25r9HDuGNzaGdgvwKYq6S+MxwF0TFRwe50fIR/MYnakdkQ==",
        "dependencies": {}
      },
      "csstype@3.1.2": {
        "integrity": "sha512-I7K1Uu0MBPzaFKg4nI5Q7Vs2t+3gWWW648spaF+Rg7pI9ds18Ugn+lvg4SHczUdKlHI5LWBXyqfS8+DufyBsgQ==",
        "dependencies": {}
      },
      "estree-walker@2.0.2": {
        "integrity": "sha512-Rfkk/Mp/DL7JVje3u18FxFujQlTNR2q6QfMSMB7AvCBx91NGj/ba3kCfza0f6dVDbw7YlRf/nDrn7pQrCCyQ/w==",
        "dependencies": {}
      },
      "magic-string@0.30.2": {
        "integrity": "sha512-lNZdu7pewtq/ZvWUp9Wpf/x7WzMTsR26TWV03BRZrXFsv+BI6dy8RAiKgm1uM/kyR0rCfUcqvOlXKG66KhIGug==",
        "dependencies": {
          "@jridgewell/sourcemap-codec": "@jridgewell/sourcemap-codec@1.4.15"
        }
      },
      "nanoid@3.3.6": {
        "integrity": "sha512-BGcqMMJuToF7i1rt+2PWSNVnWIkGCU78jBG3RxO/bZlnZPK2Cmi2QaffxGO/2RvWi9sL+FAiRiXMgsyxQ1DIDA==",
        "dependencies": {}
      },
      "picocolors@1.0.0": {
        "integrity": "sha512-1fygroTLlHu66zi26VoTDv8yRgm0Fccecssto+MhsZ0D/DGW2sm8E8AjW7NU5VVTRt5GxbeZ5qBuJr+HyLYkjQ==",
        "dependencies": {}
      },
      "postcss@8.4.28": {
        "integrity": "sha512-Z7V5j0cq8oEKyejIKfpD8b4eBy9cwW2JWPk0+fB1HOAMsfHbnAXLLS+PfVWlzMSLQaWttKDt607I0XHmpE67Vw==",
        "dependencies": {
          "nanoid": "nanoid@3.3.6",
          "picocolors": "picocolors@1.0.0",
          "source-map-js": "source-map-js@1.0.2"
        }
      },
      "source-map-js@1.0.2": {
        "integrity": "sha512-R0XvVJ9WusLiqTCEiGCmICCMplcCkIwwR11mOSD9CR5u+IXYdiseeEuXCVAjS54zqwkLcPNnmU4OeJ6tUrWhDw==",
        "dependencies": {}
      },
      "vue@3.3.4": {
        "integrity": "sha512-VTyEYn3yvIeY1Py0WaYGZsXnz3y5UnGi62GjVEqvEGPl6nxbOrCXbVOTQWBEJUqAyTUk2uJ5JLVnYJ6ZzGbrSw==",
        "dependencies": {
          "@vue/compiler-dom": "@vue/compiler-dom@3.3.4",
          "@vue/compiler-sfc": "@vue/compiler-sfc@3.3.4",
          "@vue/runtime-dom": "@vue/runtime-dom@3.3.4",
          "@vue/server-renderer": "@vue/server-renderer@3.3.4_vue@3.3.4",
          "@vue/shared": "@vue/shared@3.3.4"
        }
      }
    }
  }
}
